
Microsoft Visual Studio Solution File, Format Version 12.00
# Visual Studio 2012
Project("{FAE04EC0-301F-11D3-BF4B-00C04F79EFBC}") = "Proyecto 3", "Proyecto 3\Proyecto 3.csproj", "{ED9E015C-9E26-4D7B-91AA-49AC69A60574}"
EndProject
Global
	GlobalSection(SolutionConfigurationPlatforms) = preSolution
		Debug|Any CPU = Debug|Any CPU
		Release|Any CPU = Release|Any CPU
	EndGlobalSection
	GlobalSection(ProjectConfigurationPlatforms) = postSolution
		{ED9E015C-9E26-4D7B-91AA-49AC69A60574}.Debug|Any CPU.ActiveCfg = Debug|Any CPU
		{ED9E015C-9E26-4D7B-91AA-49AC69A60574}.Debug|Any CPU.Build.0 = Debug|Any CPU
		{ED9E015C-9E26-4D7B-91AA-49AC69A60574}.Release|Any CPU.ActiveCfg = Release|Any CPU
		{ED9E015C-9E26-4D7B-91AA-49AC69A60574}.Release|Any CPU.Build.0 = Release|Any CPU
	EndGlobalSection
	GlobalSection(SolutionProperties) = preSolution
		HideSolutionNode = FALSE
	EndGlobalSection
EndGlobal
